
Microsoft Visual Studio Solution File, Format Version 12.00
# Visual Studio Version 17
VisualStudioVersion = 17.14.36212.18
MinimumVisualStudioVersion = 10.0.40219.1
Project("{FAE04EC0-301F-11D3-BF4B-00C04F79EFBC}") = "DotNetGarbage", "DotNetGarbage\DotNetGarbage.csproj", "{9C783438-9ECE-4471-A5A8-5F3CC1873A3A}"
EndProject
Project("{FAE04EC0-301F-11D3-BF4B-00C04F79EFBC}") = "DotNetGarbageTest", "DotNetGarbageTest\DotNetGarbageTest.csproj", "{093F65E2-4060-D2A0-0370-84D86B804DD1}"
EndProject
Project("{2150E333-8FDC-42A3-9474-1A3956D46DE8}") = "Solution Items", "Solution Items", "{8EC462FD-D22E-90A8-E5CE-7E832BA40C5D}"
	ProjectSection(SolutionItems) = preProject
		README.md = README.md
	EndProjectSection
EndProject
Global
	GlobalSection(SolutionConfigurationPlatforms) = preSolution
		Debug|Any CPU = Debug|Any CPU
		Release|Any CPU = Release|Any CPU
	EndGlobalSection
	GlobalSection(ProjectConfigurationPlatforms) = postSolution
		{9C783438-9ECE-4471-A5A8-5F3CC1873A3A}.Debug|Any CPU.ActiveCfg = Debug|Any CPU
		{9C783438-9ECE-4471-A5A8-5F3CC1873A3A}.Debug|Any CPU.Build.0 = Debug|Any CPU
		{9C783438-9ECE-4471-A5A8-5F3CC1873A3A}.Release|Any CPU.ActiveCfg = Release|Any CPU
		{9C783438-9ECE-4471-A5A8-5F3CC1873A3A}.Release|Any CPU.Build.0 = Release|Any CPU
		{093F65E2-4060-D2A0-0370-84D86B804DD1}.Debug|Any CPU.ActiveCfg = Debug|Any CPU
		{093F65E2-4060-D2A0-0370-84D86B804DD1}.Debug|Any CPU.Build.0 = Debug|Any CPU
		{093F65E2-4060-D2A0-0370-84D86B804DD1}.Release|Any CPU.ActiveCfg = Release|Any CPU
		{093F65E2-4060-D2A0-0370-84D86B804DD1}.Release|Any CPU.Build.0 = Release|Any CPU
	EndGlobalSection
	GlobalSection(SolutionProperties) = preSolution
		HideSolutionNode = FALSE
	EndGlobalSection
	GlobalSection(ExtensibilityGlobals) = postSolution
		SolutionGuid = {1A3EA8F0-B040-4774-B861-6A800472D312}
	EndGlobalSection
EndGlobal
